{
  "nodes": {
    "fusesoc-flake": {
      "inputs": {
        "nixpkgs": "nixpkgs"
      },
      "locked": {
        "lastModified": 1781009737,
        "narHash": "sha256-00qMcVpS4ZO1AVS2Lk+wXkk4wl3dZG057wTvfCyc/cI=",
        "owner": "Mop-u",
        "repo": "fusesoc-flake",
        "rev": "852f92ea424f1323f518cb985c3237749e71fc26",
        "type": "github"
      },
      "original": {
        "owner": "Mop-u",
        "repo": "fusesoc-flake",
        "type": "github"
      }
    },
    "moppkgs": {
      "inputs": {
        "nixpkgs": "nixpkgs_2"
      },
      "locked": {
        "lastModified": 1781033988,
        "narHash": "sha256-s9/nYeG1F+PHKnO8ClMkZ2+rZDxPwES+su+BLb9nOgg=",
        "owner": "Mop-u",
        "repo": "moppkgs",
        "rev": "46fba6c1f392cfd16985ca8371152b234b9515c2",
        "type": "github"
      },
      "original": {
        "owner": "Mop-u",
        "repo": "moppkgs",
        "type": "github"
      }
    },
    "nixpkgs": {
      "locked": {
        "lastModified": 1780749050,
        "narHash": "sha256-3av0pIjlOWQ6rDbNOmpUSvbNnJkGORQKKjb4LtCZsIY=",
        "owner": "Nixos",
        "repo": "nixpkgs",
        "rev": "a799d3e3886da994fa307f817a6bc705ae538eeb",
        "type": "github"
      },
      "original": {
        "owner": "Nixos",
        "ref": "nixos-unstable",
        "repo": "nixpkgs",
        "type": "github"
      }
    },
    "nixpkgs_2": {
      "locked": {
        "lastModified": 1779971959,
        "narHash": "sha256-R5nauXyqyfRUFiZycFFZdkF7wl6eaUpPLst35+2nJQY=",
        "owner": "NixOS",
        "repo": "nixpkgs",
        "rev": "ec942ba042dad5ef097e2ef3a3effc034241f011",
        "type": "github"
      },
      "original": {
        "owner": "NixOS",
        "ref": "nixos-26.05",
        "repo": "nixpkgs",
        "type": "github"
      }
    },
    "nixpkgs_3": {
      "locked": {
        "lastModified": 1780749050,
        "narHash": "sha256-3av0pIjlOWQ6rDbNOmpUSvbNnJkGORQKKjb4LtCZsIY=",
        "owner": "NixOS",
        "repo": "nixpkgs",
        "rev": "a799d3e3886da994fa307f817a6bc705ae538eeb",
        "type": "github"
      },
      "original": {
        "owner": "NixOS",
        "ref": "nixos-unstable",
        "repo": "nixpkgs",
        "type": "github"
      }
    },
    "root": {
      "inputs": {
        "fusesoc-flake": "fusesoc-flake",
        "moppkgs": "moppkgs",
        "nixpkgs": "nixpkgs_3"
      }
    }
  },
  "root": "root",
  "version": 7
}
