{
  "nodes": {
    "fusesoc-flake": {
      "inputs": {
        "moppkgs": "moppkgs",
        "nixpkgs": "nixpkgs"
      },
      "locked": {
        "lastModified": 1784042624,
        "narHash": "sha256-auCI9PiG5v1s2kEnqcIKNrGx4CejjLUBuGiwq+zeSK0=",
        "owner": "Mop-u",
        "repo": "fusesoc-flake",
        "rev": "e462752f28294f00ae65f76a2c9227a397c8094b",
        "type": "github"
      },
      "original": {
        "owner": "Mop-u",
        "ref": "v0.3.0",
        "repo": "fusesoc-flake",
        "type": "github"
      }
    },
    "moppkgs": {
      "inputs": {
        "nixpkgs": [
          "fusesoc-flake",
          "nixpkgs"
        ]
      },
      "locked": {
        "lastModified": 1782588036,
        "narHash": "sha256-P9Yo/RUkpZ/DG9codcNFxcVetpFSaIUlTFdUzcUN+kw=",
        "owner": "Mop-u",
        "repo": "moppkgs",
        "rev": "932a32eee47ec26372da474ae4397fdd745f26a8",
        "type": "github"
      },
      "original": {
        "owner": "Mop-u",
        "repo": "moppkgs",
        "type": "github"
      }
    },
    "moppkgs_2": {
      "inputs": {
        "nixpkgs": "nixpkgs_2"
      },
      "locked": {
        "lastModified": 1784734905,
        "narHash": "sha256-B+rNIrc6sYfF7kV5f0xt3SG6QrpVFdOROpwM58c3QB0=",
        "owner": "Mop-u",
        "repo": "moppkgs",
        "rev": "5b02bc0a9e28a6d9cf153c7a0ced42d30e8b18a8",
        "type": "github"
      },
      "original": {
        "owner": "Mop-u",
        "repo": "moppkgs",
        "type": "github"
      }
    },
    "nixpkgs": {
      "locked": {
        "lastModified": 1780749050,
        "narHash": "sha256-3av0pIjlOWQ6rDbNOmpUSvbNnJkGORQKKjb4LtCZsIY=",
        "owner": "Nixos",
        "repo": "nixpkgs",
        "rev": "a799d3e3886da994fa307f817a6bc705ae538eeb",
        "type": "github"
      },
      "original": {
        "owner": "Nixos",
        "ref": "nixos-unstable",
        "repo": "nixpkgs",
        "type": "github"
      }
    },
    "nixpkgs_2": {
      "locked": {
        "lastModified": 1784011430,
        "narHash": "sha256-lDebytrYdd47IBLwvNOD+6AGeoqZ78CIKlp70hzW280=",
        "owner": "NixOS",
        "repo": "nixpkgs",
        "rev": "8eeec934ae0dbeca3d7868c059568a65c08b2fc3",
        "type": "github"
      },
      "original": {
        "owner": "NixOS",
        "ref": "nixos-26.05",
        "repo": "nixpkgs",
        "type": "github"
      }
    },
    "nixpkgs_3": {
      "locked": {
        "lastModified": 1784497964,
        "narHash": "sha256-vlHUuqAcbcH2RKmHbPiuQzbv1pnzzavXnI62RD0bqCU=",
        "owner": "NixOS",
        "repo": "nixpkgs",
        "rev": "241313f4e8e508cb9b13278c2b0fa25b9ca27163",
        "type": "github"
      },
      "original": {
        "owner": "NixOS",
        "ref": "nixos-unstable",
        "repo": "nixpkgs",
        "type": "github"
      }
    },
    "root": {
      "inputs": {
        "fusesoc-flake": "fusesoc-flake",
        "moppkgs": "moppkgs_2",
        "nixpkgs": "nixpkgs_3"
      }
    }
  },
  "root": "root",
  "version": 7
}
